// !$*UTF8*$!
{
	archiveVersion = 1;
	classes = {
	};
	objectVersion = 77;
	objects = {

/* Begin PBXBuildFile section */
		675EE27D2DB88FE600C9CF34 /* DashboardView.swift in Sources */ = {isa = PBXBuildFile; fileRef = 675EE27C2DB88FE600C9CF34 /* DashboardView.swift */; };
		675EE27F2DB93A7E00C9CF34 /* LogsView.swift in Sources */ = {isa = PBXBuildFile; fileRef = 675EE27E2DB93A7E00C9CF34 /* LogsView.swift */; };
		675EE2812DB93B8100C9CF34 /* LogEntry.swift in Sources */ = {isa = PBXBuildFile; fileRef = 675EE2802DB93B8100C9CF34 /* LogEntry.swift */; };
		675EE2832DB93E0E00C9CF34 /* ChartModel.swift in Sources */ = {isa = PBXBuildFile; fileRef = 675EE2822DB93E0E00C9CF34 /* ChartModel.swift */; };
		6799EFE62DB01D8700C3D1A0 /* ExchangeRate.swift in Sources */ = {isa = PBXBuildFile; fileRef = 6799EFE52DB01D8700C3D1A0 /* ExchangeRate.swift */; };
		6799EFE82DB01D9C00C3D1A0 /* UserSettings.swift in Sources */ = {isa = PBXBuildFile; fileRef = 6799EFE72DB01D9C00C3D1A0 /* UserSettings.swift */; };
		6799EFEB2DB01DE900C3D1A0 /* HomeView.swift in Sources */ = {isa = PBXBuildFile; fileRef = 6799EFEA2DB01DE900C3D1A0 /* HomeView.swift */; };
		6799EFED2DB01DF900C3D1A0 /* AlertSettingsView.swift in Sources */ = {isa = PBXBuildFile; fileRef = 6799EFEC2DB01DF900C3D1A0 /* AlertSettingsView.swift */; };
		6799EFEF2DB01E0C00C3D1A0 /* GraphView.swift in Sources */ = {isa = PBXBuildFile; fileRef = 6799EFEE2DB01E0C00C3D1A0 /* GraphView.swift */; };
/* End PBXBuildFile section */

/* Begin PBXContainerItemProxy section */
		6799EFC82DB01CAD00C3D1A0 /* PBXContainerItemProxy */ = {
			isa = PBXContainerItemProxy;
			containerPortal = 6799EFAF2DB01CAA00C3D1A0 /* Project object */;
			proxyType = 1;
			remoteGlobalIDString = 6799EFB62DB01CAA00C3D1A0;
			remoteInfo = CurrencyTracker;
		};
		6799EFD22DB01CAD00C3D1A0 /* PBXContainerItemProxy */ = {
			isa = PBXContainerItemProxy;
			containerPortal = 6799EFAF2DB01CAA00C3D1A0 /* Project object */;
			proxyType = 1;
			remoteGlobalIDString = 6799EFB62DB01CAA00C3D1A0;
			remoteInfo = CurrencyTracker;
		};
/* End PBXContainerItemProxy section */

/* Begin PBXFileReference section */
		675EE27C2DB88FE600C9CF34 /* DashboardView.swift */ = {isa = PBXFileReference; lastKnownFileType = sourcecode.swift; path = DashboardView.swift; sourceTree = "<group>"; };
		675EE27E2DB93A7E00C9CF34 /* LogsView.swift */ = {isa = PBXFileReference; lastKnownFileType = sourcecode.swift; path = LogsView.swift; sourceTree = "<group>"; };
		675EE2802DB93B8100C9CF34 /* LogEntry.swift */ = {isa = PBXFileReference; lastKnownFileType = sourcecode.swift; path = LogEntry.swift; sourceTree = "<group>"; };
		675EE2822DB93E0E00C9CF34 /* ChartModel.swift */ = {isa = PBXFileReference; lastKnownFileType = sourcecode.swift; path = ChartModel.swift; sourceTree = "<group>"; };
		6799EFB72DB01CAA00C3D1A0 /* CurrencyTracker.app */ = {isa = PBXFileReference; explicitFileType = wrapper.application; includeInIndex = 0; path = CurrencyTracker.app; sourceTree = BUILT_PRODUCTS_DIR; };
		6799EFC72DB01CAD00C3D1A0 /* CurrencyTrackerTests.xctest */ = {isa = PBXFileReference; explicitFileType = wrapper.cfbundle; includeInIndex = 0; path = CurrencyTrackerTests.xctest; sourceTree = BUILT_PRODUCTS_DIR; };
		6799EFD12DB01CAD00C3D1A0 /* CurrencyTrackerUITests.xctest */ = {isa = PBXFileReference; explicitFileType = wrapper.cfbundle; includeInIndex = 0; path = CurrencyTrackerUITests.xctest; sourceTree = BUILT_PRODUCTS_DIR; };
		6799EFE52DB01D8700C3D1A0 /* ExchangeRate.swift */ = {isa = PBXFileReference; lastKnownFileType = sourcecode.swift; path = ExchangeRate.swift; sourceTree = "<group>"; };
		6799EFE72DB01D9C00C3D1A0 /* UserSettings.swift */ = {isa = PBXFileReference; lastKnownFileType = sourcecode.swift; path = UserSettings.swift; sourceTree = "<group>"; };
		6799EFEA2DB01DE900C3D1A0 /* HomeView.swift */ = {isa = PBXFileReference; lastKnownFileType = sourcecode.swift; path = HomeView.swift; sourceTree = "<group>"; };
		6799EFEC2DB01DF900C3D1A0 /* AlertSettingsView.swift */ = {isa = PBXFileReference; lastKnownFileType = sourcecode.swift; path = AlertSettingsView.swift; sourceTree = "<group>"; };
		6799EFEE2DB01E0C00C3D1A0 /* GraphView.swift */ = {isa = PBXFileReference; lastKnownFileType = sourcecode.swift; path = GraphView.swift; sourceTree = "<group>"; };
/* End PBXFileReference section */

/* Begin PBXFileSystemSynchronizedRootGroup section */
		6799EFB92DB01CAA00C3D1A0 /* CurrencyTracker */ = {
			isa = PBXFileSystemSynchronizedRootGroup;
			path = CurrencyTracker;
			sourceTree = "<group>";
		};
		6799EFCA2DB01CAD00C3D1A0 /* CurrencyTrackerTests */ = {
			isa = PBXFileSystemSynchronizedRootGroup;
			path = CurrencyTrackerTests;
			sourceTree = "<group>";
		};
		6799EFD42DB01CAD00C3D1A0 /* CurrencyTrackerUITests */ = {
			isa = PBXFileSystemSynchronizedRootGroup;
			path = CurrencyTrackerUITests;
			sourceTree = "<group>";
		};
/* End PBXFileSystemSynchronizedRootGroup section */

/* Begin PBXFrameworksBuildPhase section */
		6799EFB42DB01CAA00C3D1A0 /* Frameworks */ = {
			isa = PBXFrameworksBuildPhase;
			buildActionMask = 2147483647;
			files = (
			);
			runOnlyForDeploymentPostprocessing = 0;
		};
		6799EFC42DB01CAD00C3D1A0 /* Frameworks */ = {
			isa = PBXFrameworksBuildPhase;
			buildActionMask = 2147483647;
			files = (
			);
			runOnlyForDeploymentPostprocessing = 0;
		};
		6799EFCE2DB01CAD00C3D1A0 /* Frameworks */ = {
			isa = PBXFrameworksBuildPhase;
			buildActionMask = 2147483647;
			files = (
			);
			runOnlyForDeploymentPostprocessing = 0;
		};
/* End PBXFrameworksBuildPhase section */

/* Begin PBXGroup section */
		6799EFAE2DB01CAA00C3D1A0 = {
			isa = PBXGroup;
			children = (
				6799EFE92DB01DCD00C3D1A0 /* Views */,
				6799EFE42DB01D5A00C3D1A0 /* Models */,
				6799EFB92DB01CAA00C3D1A0 /* CurrencyTracker */,
				6799EFCA2DB01CAD00C3D1A0 /* CurrencyTrackerTests */,
				6799EFD42DB01CAD00C3D1A0 /* CurrencyTrackerUITests */,
				6799EFB82DB01CAA00C3D1A0 /* Products */,
			);
			sourceTree = "<group>";
		};
		6799EFB82DB01CAA00C3D1A0 /* Products */ = {
			isa = PBXGroup;
			children = (
				6799EFB72DB01CAA00C3D1A0 /* CurrencyTracker.app */,
				6799EFC72DB01CAD00C3D1A0 /* CurrencyTrackerTests.xctest */,
				6799EFD12DB01CAD00C3D1A0 /* CurrencyTrackerUITests.xctest */,
			);
			name = Products;
			sourceTree = "<group>";
		};
		6799EFE42DB01D5A00C3D1A0 /* Models */ = {
			isa = PBXGroup;
			children = (
				6799EFE52DB01D8700C3D1A0 /* ExchangeRate.swift */,
				6799EFE72DB01D9C00C3D1A0 /* UserSettings.swift */,
				675EE2802DB93B8100C9CF34 /* LogEntry.swift */,
				675EE2822DB93E0E00C9CF34 /* ChartModel.swift */,
			);
			path = Models;
			sourceTree = "<group>";
		};
		6799EFE92DB01DCD00C3D1A0 /* Views */ = {
			isa = PBXGroup;
			children = (
				6799EFEA2DB01DE900C3D1A0 /* HomeView.swift */,
				6799EFEC2DB01DF900C3D1A0 /* AlertSettingsView.swift */,
				6799EFEE2DB01E0C00C3D1A0 /* GraphView.swift */,
				675EE27C2DB88FE600C9CF34 /* DashboardView.swift */,
				675EE27E2DB93A7E00C9CF34 /* LogsView.swift */,
			);
			path = Views;
			sourceTree = "<group>";
		};
/* End PBXGroup section */

/* Begin PBXNativeTarget section */
		6799EFB62DB01CAA00C3D1A0 /* CurrencyTracker */ = {
			isa = PBXNativeTarget;
			buildConfigurationList = 6799EFDB2DB01CAD00C3D1A0 /* Build configuration list for PBXNativeTarget "CurrencyTracker" */;
			buildPhases = (
				6799EFB32DB01CAA00C3D1A0 /* Sources */,
				6799EFB42DB01CAA00C3D1A0 /* Frameworks */,
				6799EFB52DB01CAA00C3D1A0 /* Resources */,
			);
			buildRules = (
			);
			dependencies = (
			);
			fileSystemSynchronizedGroups = (
				6799EFB92DB01CAA00C3D1A0 /* CurrencyTracker */,
			);
			name = CurrencyTracker;
			packageProductDependencies = (
			);
			productName = CurrencyTracker;
			productReference = 6799EFB72DB01CAA00C3D1A0 /* CurrencyTracker.app */;
			productType = "com.apple.product-type.application";
		};
		6799EFC62DB01CAD00C3D1A0 /* CurrencyTrackerTests */ = {
			isa = PBXNativeTarget;
			buildConfigurationList = 6799EFDE2DB01CAD00C3D1A0 /* Build configuration list for PBXNativeTarget "CurrencyTrackerTests" */;
			buildPhases = (
				6799EFC32DB01CAD00C3D1A0 /* Sources */,
				6799EFC42DB01CAD00C3D1A0 /* Frameworks */,
				6799EFC52DB01CAD00C3D1A0 /* Resources */,
			);
			buildRules = (
			);
			dependencies = (
				6799EFC92DB01CAD00C3D1A0 /* PBXTargetDependency */,
			);
			fileSystemSynchronizedGroups = (
				6799EFCA2DB01CAD00C3D1A0 /* CurrencyTrackerTests */,
			);
			name = CurrencyTrackerTests;
			packageProductDependencies = (
			);
			productName = CurrencyTrackerTests;
			productReference = 6799EFC72DB01CAD00C3D1A0 /* CurrencyTrackerTests.xctest */;
			productType = "com.apple.product-type.bundle.unit-test";
		};
		6799EFD02DB01CAD00C3D1A0 /* CurrencyTrackerUITests */ = {
			isa = PBXNativeTarget;
			buildConfigurationList = 6799EFE12DB01CAD00C3D1A0 /* Build configuration list for PBXNativeTarget "CurrencyTrackerUITests" */;
			buildPhases = (
				6799EFCD2DB01CAD00C3D1A0 /* Sources */,
				6799EFCE2DB01CAD00C3D1A0 /* Frameworks */,
				6799EFCF2DB01CAD00C3D1A0 /* Resources */,
			);
			buildRules = (
			);
			dependencies = (
				6799EFD32DB01CAD00C3D1A0 /* PBXTargetDependency */,
			);
			fileSystemSynchronizedGroups = (
				6799EFD42DB01CAD00C3D1A0 /* CurrencyTrackerUITests */,
			);
			name = CurrencyTrackerUITests;
			packageProductDependencies = (
			);
			productName = CurrencyTrackerUITests;
			productReference = 6799EFD12DB01CAD00C3D1A0 /* CurrencyTrackerUITests.xctest */;
			productType = "com.apple.product-type.bundle.ui-testing";
		};
/* End PBXNativeTarget section */

/* Begin PBXProject section */
		6799EFAF2DB01CAA00C3D1A0 /* Project object */ = {
			isa = PBXProject;
			attributes = {
				BuildIndependentTargetsInParallel = 1;
				LastSwiftUpdateCheck = 1620;
				LastUpgradeCheck = 1620;
				TargetAttributes = {
					6799EFB62DB01CAA00C3D1A0 = {
						CreatedOnToolsVersion = 16.2;
					};
					6799EFC62DB01CAD00C3D1A0 = {
						CreatedOnToolsVersion = 16.2;
						TestTargetID = 6799EFB62DB01CAA00C3D1A0;
					};
					6799EFD02DB01CAD00C3D1A0 = {
						CreatedOnToolsVersion = 16.2;
						TestTargetID = 6799EFB62DB01CAA00C3D1A0;
					};
				};
			};
			buildConfigurationList = 6799EFB22DB01CAA00C3D1A0 /* Build configuration list for PBXProject "CurrencyTracker" */;
			developmentRegion = en;
			hasScannedForEncodings = 0;
			knownRegions = (
				en,
				Base,
			);
			mainGroup = 6799EFAE2DB01CAA00C3D1A0;
			minimizedProjectReferenceProxies = 1;
			preferredProjectObjectVersion = 77;
			productRefGroup = 6799EFB82DB01CAA00C3D1A0 /* Products */;
			projectDirPath = "";
			projectRoot = "";
			targets = (
				6799EFB62DB01CAA00C3D1A0 /* CurrencyTracker */,
				6799EFC62DB01CAD00C3D1A0 /* CurrencyTrackerTests */,
				6799EFD02DB01CAD00C3D1A0 /* CurrencyTrackerUITests */,
			);
		};
/* End PBXProject section */

/* Begin PBXResourcesBuildPhase section */
		6799EFB52DB01CAA00C3D1A0 /* Resources */ = {
			isa = PBXResourcesBuildPhase;
			buildActionMask = 2147483647;
			files = (
			);
			runOnlyForDeploymentPostprocessing = 0;
		};
		6799EFC52DB01CAD00C3D1A0 /* Resources */ = {
			isa = PBXResourcesBuildPhase;
			buildActionMask = 2147483647;
			files = (
			);
			runOnlyForDeploymentPostprocessing = 0;
		};
		6799EFCF2DB01CAD00C3D1A0 /* Resources */ = {
			isa = PBXResourcesBuildPhase;
			buildActionMask = 2147483647;
			files = (
			);
			runOnlyForDeploymentPostprocessing = 0;
		};
/* End PBXResourcesBuildPhase section */

/* Begin PBXSourcesBuildPhase section */
		6799EFB32DB01CAA00C3D1A0 /* Sources */ = {
			isa = PBXSourcesBuildPhase;
			buildActionMask = 2147483647;
			files = (
				6799EFE82DB01D9C00C3D1A0 /* UserSettings.swift in Sources */,
				675EE27F2DB93A7E00C9CF34 /* LogsView.swift in Sources */,
				675EE2812DB93B8100C9CF34 /* LogEntry.swift in Sources */,
				675EE27D2DB88FE600C9CF34 /* DashboardView.swift in Sources */,
				675EE2832DB93E0E00C9CF34 /* ChartModel.swift in Sources */,
				6799EFEF2DB01E0C00C3D1A0 /* GraphView.swift in Sources */,
				6799EFE62DB01D8700C3D1A0 /* ExchangeRate.swift in Sources */,
				6799EFEB2DB01DE900C3D1A0 /* HomeView.swift in Sources */,
				6799EFED2DB01DF900C3D1A0 /* AlertSettingsView.swift in Sources */,
			);
			runOnlyForDeploymentPostprocessing = 0;
		};
		6799EFC32DB01CAD00C3D1A0 /* Sources */ = {
			isa = PBXSourcesBuildPhase;
			buildActionMask = 2147483647;
			files = (
			);
			runOnlyForDeploymentPostprocessing = 0;
		};
		6799EFCD2DB01CAD00C3D1A0 /* Sources */ = {
			isa = PBXSourcesBuildPhase;
			buildActionMask = 2147483647;
			files = (
			);
			runOnlyForDeploymentPostprocessing = 0;
		};
/* End PBXSourcesBuildPhase section */

/* Begin PBXTargetDependency section */
		6799EFC92DB01CAD00C3D1A0 /* PBXTargetDependency */ = {
			isa = PBXTargetDependency;
			target = 6799EFB62DB01CAA00C3D1A0 /* CurrencyTracker */;
			targetProxy = 6799EFC82DB01CAD00C3D1A0 /* PBXContainerItemProxy */;
		};
		6799EFD32DB01CAD00C3D1A0 /* PBXTargetDependency */ = {
			isa = PBXTargetDependency;
			target = 6799EFB62DB01CAA00C3D1A0 /* CurrencyTracker */;
			targetProxy = 6799EFD22DB01CAD00C3D1A0 /* PBXContainerItemProxy */;
		};
/* End PBXTargetDependency section */

/* Begin XCBuildConfiguration section */
		6799EFD92DB01CAD00C3D1A0 /* Debug */ = {
			isa = XCBuildConfiguration;
			buildSettings = {
				ALWAYS_SEARCH_USER_PATHS = NO;
				ASSETCATALOG_COMPILER_GENERATE_SWIFT_ASSET_SYMBOL_EXTENSIONS = YES;
				CLANG_ANALYZER_NONNULL = YES;
				CLANG_ANALYZER_NUMBER_OBJECT_CONVERSION = YES_AGGRESSIVE;
				CLANG_CXX_LANGUAGE_STANDARD = "gnu++20";
				CLANG_ENABLE_MODULES = YES;
				CLANG_ENABLE_OBJC_ARC = YES;
				CLANG_ENABLE_OBJC_WEAK = YES;
				CLANG_WARN_BLOCK_CAPTURE_AUTORELEASING = YES;
				CLANG_WARN_BOOL_CONVERSION = YES;
				CLANG_WARN_COMMA = YES;
				CLANG_WARN_CONSTANT_CONVERSION = YES;
				CLANG_WARN_DEPRECATED_OBJC_IMPLEMENTATIONS = YES;
				CLANG_WARN_DIRECT_OBJC_ISA_USAGE = YES_ERROR;
				CLANG_WARN_DOCUMENTATION_COMMENTS = YES;
				CLANG_WARN_EMPTY_BODY = YES;
				CLANG_WARN_ENUM_CONVERSION = YES;
				CLANG_WARN_INFINITE_RECURSION = YES;
				CLANG_WARN_INT_CONVERSION = YES;
				CLANG_WARN_NON_LITERAL_NULL_CONVERSION = YES;
				CLANG_WARN_OBJC_IMPLICIT_RETAIN_SELF = YES;
				CLANG_WARN_OBJC_LITERAL_CONVERSION = YES;
				CLANG_WARN_OBJC_ROOT_CLASS = YES_ERROR;
				CLANG_WARN_QUOTED_INCLUDE_IN_FRAMEWORK_HEADER = YES;
				CLANG_WARN_RANGE_LOOP_ANALYSIS = YES;
				CLANG_WARN_STRICT_PROTOTYPES = YES;
				CLANG_WARN_SUSPICIOUS_MOVE = YES;
				CLANG_WARN_UNGUARDED_AVAILABILITY = YES_AGGRESSIVE;
				CLANG_WARN_UNREACHABLE_CODE = YES;
				CLANG_WARN__DUPLICATE_METHOD_MATCH = YES;
				COPY_PHASE_STRIP = NO;
				DEBUG_INFORMATION_FORMAT = dwarf;
				ENABLE_STRICT_OBJC_MSGSEND = YES;
				ENABLE_TESTABILITY = YES;
				ENABLE_USER_SCRIPT_SANDBOXING = YES;
				GCC_C_LANGUAGE_STANDARD = gnu17;
				GCC_DYNAMIC_NO_PIC = NO;
				GCC_NO_COMMON_BLOCKS = YES;
				GCC_OPTIMIZATION_LEVEL = 0;
				GCC_PREPROCESSOR_DEFINITIONS = (
					"DEBUG=1",
					"$(inherited)",
				);
				GCC_WARN_64_TO_32_BIT_CONVERSION = YES;
				GCC_WARN_ABOUT_RETURN_TYPE = YES_ERROR;
				GCC_WARN_UNDECLARED_SELECTOR = YES;
				GCC_WARN_UNINITIALIZED_AUTOS = YES_AGGRESSIVE;
				GCC_WARN_UNUSED_FUNCTION = YES;
				GCC_WARN_UNUSED_VARIABLE = YES;
				IPHONEOS_DEPLOYMENT_TARGET = 18.2;
				LOCALIZATION_PREFERS_STRING_CATALOGS = YES;
				MTL_ENABLE_DEBUG_INFO = INCLUDE_SOURCE;
				MTL_FAST_MATH = YES;
				ONLY_ACTIVE_ARCH = YES;
				SDKROOT = iphoneos;
				SWIFT_ACTIVE_COMPILATION_CONDITIONS = "DEBUG $(inherited)";
				SWIFT_OPTIMIZATION_LEVEL = "-Onone";
			};
			name = Debug;
		};
		6799EFDA2DB01CAD00C3D1A0 /* Release */ = {
			isa = XCBuildConfiguration;
			buildSettings = {
				ALWAYS_SEARCH_USER_PATHS = NO;
				ASSETCATALOG_COMPILER_GENERATE_SWIFT_ASSET_SYMBOL_EXTENSIONS = YES;
				CLANG_ANALYZER_NONNULL = YES;
				CLANG_ANALYZER_NUMBER_OBJECT_CONVERSION = YES_AGGRESSIVE;
				CLANG_CXX_LANGUAGE_STANDARD = "gnu++20";
				CLANG_ENABLE_MODULES = YES;
				CLANG_ENABLE_OBJC_ARC = YES;
				CLANG_ENABLE_OBJC_WEAK = YES;
				CLANG_WARN_BLOCK_CAPTURE_AUTORELEASING = YES;
				CLANG_WARN_BOOL_CONVERSION = YES;
				CLANG_WARN_COMMA = YES;
				CLANG_WARN_CONSTANT_CONVERSION = YES;
				CLANG_WARN_DEPRECATED_OBJC_IMPLEMENTATIONS = YES;
				CLANG_WARN_DIRECT_OBJC_ISA_USAGE = YES_ERROR;
				CLANG_WARN_DOCUMENTATION_COMMENTS = YES;
				CLANG_WARN_EMPTY_BODY = YES;
				CLANG_WARN_ENUM_CONVERSION = YES;
				CLANG_WARN_INFINITE_RECURSION = YES;
				CLANG_WARN_INT_CONVERSION = YES;
				CLANG_WARN_NON_LITERAL_NULL_CONVERSION = YES;
				CLANG_WARN_OBJC_IMPLICIT_RETAIN_SELF = YES;
				CLANG_WARN_OBJC_LITERAL_CONVERSION = YES;
				CLANG_WARN_OBJC_ROOT_CLASS = YES_ERROR;
				CLANG_WARN_QUOTED_INCLUDE_IN_FRAMEWORK_HEADER = YES;
				CLANG_WARN_RANGE_LOOP_ANALYSIS = YES;
				CLANG_WARN_STRICT_PROTOTYPES = YES;
				CLANG_WARN_SUSPICIOUS_MOVE = YES;
				CLANG_WARN_UNGUARDED_AVAILABILITY = YES_AGGRESSIVE;
				CLANG_WARN_UNREACHABLE_CODE = YES;
				CLANG_WARN__DUPLICATE_METHOD_MATCH = YES;
				COPY_PHASE_STRIP = NO;
				DEBUG_INFORMATION_FORMAT = "dwarf-with-dsym";
				ENABLE_NS_ASSERTIONS = NO;
				ENABLE_STRICT_OBJC_MSGSEND = YES;
				ENABLE_USER_SCRIPT_SANDBOXING = YES;
				GCC_C_LANGUAGE_STANDARD = gnu17;
				GCC_NO_COMMON_BLOCKS = YES;
				GCC_WARN_64_TO_32_BIT_CONVERSION = YES;
				GCC_WARN_ABOUT_RETURN_TYPE = YES_ERROR;
				GCC_WARN_UNDECLARED_SELECTOR = YES;
				GCC_WARN_UNINITIALIZED_AUTOS = YES_AGGRESSIVE;
				GCC_WARN_UNUSED_FUNCTION = YES;
				GCC_WARN_UNUSED_VARIABLE = YES;
				IPHONEOS_DEPLOYMENT_TARGET = 18.2;
				LOCALIZATION_PREFERS_STRING_CATALOGS = YES;
				MTL_ENABLE_DEBUG_INFO = NO;
				MTL_FAST_MATH = YES;
				SDKROOT = iphoneos;
				SWIFT_COMPILATION_MODE = wholemodule;
				VALIDATE_PRODUCT = YES;
			};
			name = Release;
		};
		6799EFDC2DB01CAD00C3D1A0 /* Debug */ = {
			isa = XCBuildConfiguration;
			buildSettings = {
				ASSETCATALOG_COMPILER_APPICON_NAME = AppIcon;
				ASSETCATALOG_COMPILER_GLOBAL_ACCENT_COLOR_NAME = AccentColor;
				CODE_SIGN_STYLE = Automatic;
				CURRENT_PROJECT_VERSION = 1;
				DEVELOPMENT_ASSET_PATHS = "\"CurrencyTracker/Preview Content\"";
				ENABLE_PREVIEWS = YES;
				GENERATE_INFOPLIST_FILE = YES;
				INFOPLIST_KEY_UIApplicationSceneManifest_Generation = YES;
				INFOPLIST_KEY_UIApplicationSupportsIndirectInputEvents = YES;
				INFOPLIST_KEY_UILaunchScreen_Generation = YES;
				INFOPLIST_KEY_UISupportedInterfaceOrientations_iPad = "UIInterfaceOrientationPortrait UIInterfaceOrientationPortraitUpsideDown UIInterfaceOrientationLandscapeLeft UIInterfaceOrientationLandscapeRight";
				INFOPLIST_KEY_UISupportedInterfaceOrientations_iPhone = "UIInterfaceOrientationPortrait UIInterfaceOrientationLandscapeLeft UIInterfaceOrientationLandscapeRight";
				LD_RUNPATH_SEARCH_PATHS = (
					"$(inherited)",
					"@executable_path/Frameworks",
				);
				MARKETING_VERSION = 1.0;
				PRODUCT_BUNDLE_IDENTIFIER = "Ayumi-Sato.CurrencyTracker";
				PRODUCT_NAME = "$(TARGET_NAME)";
				SWIFT_EMIT_LOC_STRINGS = YES;
				SWIFT_VERSION = 5.0;
				TARGETED_DEVICE_FAMILY = "1,2";
			};
			name = Debug;
		};
		6799EFDD2DB01CAD00C3D1A0 /* Release */ = {
			isa = XCBuildConfiguration;
			buildSettings = {
				ASSETCATALOG_COMPILER_APPICON_NAME = AppIcon;
				ASSETCATALOG_COMPILER_GLOBAL_ACCENT_COLOR_NAME = AccentColor;
				CODE_SIGN_STYLE = Automatic;
				CURRENT_PROJECT_VERSION = 1;
				DEVELOPMENT_ASSET_PATHS = "\"CurrencyTracker/Preview Content\"";
				ENABLE_PREVIEWS = YES;
				GENERATE_INFOPLIST_FILE = YES;
				INFOPLIST_KEY_UIApplicationSceneManifest_Generation = YES;
				INFOPLIST_KEY_UIApplicationSupportsIndirectInputEvents = YES;
				INFOPLIST_KEY_UILaunchScreen_Generation = YES;
				INFOPLIST_KEY_UISupportedInterfaceOrientations_iPad = "UIInterfaceOrientationPortrait UIInterfaceOrientationPortraitUpsideDown UIInterfaceOrientationLandscapeLeft UIInterfaceOrientationLandscapeRight";
				INFOPLIST_KEY_UISupportedInterfaceOrientations_iPhone = "UIInterfaceOrientationPortrait UIInterfaceOrientationLandscapeLeft UIInterfaceOrientationLandscapeRight";
				LD_RUNPATH_SEARCH_PATHS = (
					"$(inherited)",
					"@executable_path/Frameworks",
				);
				MARKETING_VERSION = 1.0;
				PRODUCT_BUNDLE_IDENTIFIER = "Ayumi-Sato.CurrencyTracker";
				PRODUCT_NAME = "$(TARGET_NAME)";
				SWIFT_EMIT_LOC_STRINGS = YES;
				SWIFT_VERSION = 5.0;
				TARGETED_DEVICE_FAMILY = "1,2";
			};
			name = Release;
		};
		6799EFDF2DB01CAD00C3D1A0 /* Debug */ = {
			isa = XCBuildConfiguration;
			buildSettings = {
				BUNDLE_LOADER = "$(TEST_HOST)";
				CODE_SIGN_STYLE = Automatic;
				CURRENT_PROJECT_VERSION = 1;
				GENERATE_INFOPLIST_FILE = YES;
				IPHONEOS_DEPLOYMENT_TARGET = 18.2;
				MARKETING_VERSION = 1.0;
				PRODUCT_BUNDLE_IDENTIFIER = "Ayumi-Sato.CurrencyTrackerTests";
				PRODUCT_NAME = "$(TARGET_NAME)";
				SWIFT_EMIT_LOC_STRINGS = NO;
				SWIFT_VERSION = 5.0;
				TARGETED_DEVICE_FAMILY = "1,2";
				TEST_HOST = "$(BUILT_PRODUCTS_DIR)/CurrencyTracker.app/$(BUNDLE_EXECUTABLE_FOLDER_PATH)/CurrencyTracker";
			};
			name = Debug;
		};
		6799EFE02DB01CAD00C3D1A0 /* Release */ = {
			isa = XCBuildConfiguration;
			buildSettings = {
				BUNDLE_LOADER = "$(TEST_HOST)";
				CODE_SIGN_STYLE = Automatic;
				CURRENT_PROJECT_VERSION = 1;
				GENERATE_INFOPLIST_FILE = YES;
				IPHONEOS_DEPLOYMENT_TARGET = 18.2;
				MARKETING_VERSION = 1.0;
				PRODUCT_BUNDLE_IDENTIFIER = "Ayumi-Sato.CurrencyTrackerTests";
				PRODUCT_NAME = "$(TARGET_NAME)";
				SWIFT_EMIT_LOC_STRINGS = NO;
				SWIFT_VERSION = 5.0;
				TARGETED_DEVICE_FAMILY = "1,2";
				TEST_HOST = "$(BUILT_PRODUCTS_DIR)/CurrencyTracker.app/$(BUNDLE_EXECUTABLE_FOLDER_PATH)/CurrencyTracker";
			};
			name = Release;
		};
		6799EFE22DB01CAD00C3D1A0 /* Debug */ = {
			isa = XCBuildConfiguration;
			buildSettings = {
				CODE_SIGN_STYLE = Automatic;
				CURRENT_PROJECT_VERSION = 1;
				GENERATE_INFOPLIST_FILE = YES;
				MARKETING_VERSION = 1.0;
				PRODUCT_BUNDLE_IDENTIFIER = "Ayumi-Sato.CurrencyTrackerUITests";
				PRODUCT_NAME = "$(TARGET_NAME)";
				SWIFT_EMIT_LOC_STRINGS = NO;
				SWIFT_VERSION = 5.0;
				TARGETED_DEVICE_FAMILY = "1,2";
				TEST_TARGET_NAME = CurrencyTracker;
			};
			name = Debug;
		};
		6799EFE32DB01CAD00C3D1A0 /* Release */ = {
			isa = XCBuildConfiguration;
			buildSettings = {
				CODE_SIGN_STYLE = Automatic;
				CURRENT_PROJECT_VERSION = 1;
				GENERATE_INFOPLIST_FILE = YES;
				MARKETING_VERSION = 1.0;
				PRODUCT_BUNDLE_IDENTIFIER = "Ayumi-Sato.CurrencyTrackerUITests";
				PRODUCT_NAME = "$(TARGET_NAME)";
				SWIFT_EMIT_LOC_STRINGS = NO;
				SWIFT_VERSION = 5.0;
				TARGETED_DEVICE_FAMILY = "1,2";
				TEST_TARGET_NAME = CurrencyTracker;
			};
			name = Release;
		};
/* End XCBuildConfiguration section */

/* Begin XCConfigurationList section */
		6799EFB22DB01CAA00C3D1A0 /* Build configuration list for PBXProject "CurrencyTracker" */ = {
			isa = XCConfigurationList;
			buildConfigurations = (
				6799EFD92DB01CAD00C3D1A0 /* Debug */,
				6799EFDA2DB01CAD00C3D1A0 /* Release */,
			);
			defaultConfigurationIsVisible = 0;
			defaultConfigurationName = Release;
		};
		6799EFDB2DB01CAD00C3D1A0 /* Build configuration list for PBXNativeTarget "CurrencyTracker" */ = {
			isa = XCConfigurationList;
			buildConfigurations = (
				6799EFDC2DB01CAD00C3D1A0 /* Debug */,
				6799EFDD2DB01CAD00C3D1A0 /* Release */,
			);
			defaultConfigurationIsVisible = 0;
			defaultConfigurationName = Release;
		};
		6799EFDE2DB01CAD00C3D1A0 /* Build configuration list for PBXNativeTarget "CurrencyTrackerTests" */ = {
			isa = XCConfigurationList;
			buildConfigurations = (
				6799EFDF2DB01CAD00C3D1A0 /* Debug */,
				6799EFE02DB01CAD00C3D1A0 /* Release */,
			);
			defaultConfigurationIsVisible = 0;
			defaultConfigurationName = Release;
		};
		6799EFE12DB01CAD00C3D1A0 /* Build configuration list for PBXNativeTarget "CurrencyTrackerUITests" */ = {
			isa = XCConfigurationList;
			buildConfigurations = (
				6799EFE22DB01CAD00C3D1A0 /* Debug */,
				6799EFE32DB01CAD00C3D1A0 /* Release */,
			);
			defaultConfigurationIsVisible = 0;
			defaultConfigurationName = Release;
		};
/* End XCConfigurationList section */
	};
	rootObject = 6799EFAF2DB01CAA00C3D1A0 /* Project object */;
}
